{
  "R": {
    "Version": "4.3.3",
    "Repositories": [
      {
        "Name": "BioCsoft",
        "URL": "https://bioconductor.org/packages/3.22/bioc"
      },
      {
        "Name": "BioCann",
        "URL": "https://bioconductor.org/packages/3.22/data/annotation"
      },
      {
        "Name": "BioCexp",
        "URL": "https://bioconductor.org/packages/3.22/data/experiment"
      },
      {
        "Name": "BioCworkflows",
        "URL": "https://bioconductor.org/packages/3.22/workflows"
      },
      {
        "Name": "BioCbooks",
        "URL": "https://bioconductor.org/packages/3.22/books"
      },
      {
        "Name": "CRAN",
        "URL": "https://packagemanager.posit.co/cran/latest"
      }
    ]
  },
  "Bioconductor": {
    "Version": "3.22"
  },
  "Packages": {
    "MASS": {
      "Package": "MASS",
      "Version": "7.3-60.0.1",
      "Source": "Repository",
      "Priority": "recommended",
      "Date": "2024-01-12",
      "Revision": "$Rev: 3621 $",
      "Depends": [
        "R (>= 4.0)",
        "grDevices",
        "graphics",
        "stats",
        "utils"
      ],
      "Imports": [
        "methods"
      ],
      "Suggests": [
        "lattice",
        "nlme",
        "nnet",
        "survival"
      ],
      "Authors@R": "c(person(\"Brian\", \"Ripley\", role = c(\"aut\", \"cre\", \"cph\"), email = \"ripley@stats.ox.ac.uk\"), person(\"Bill\", \"Venables\", role = \"ctb\"), person(c(\"Douglas\", \"M.\"), \"Bates\", role = \"ctb\"), person(\"Kurt\", \"Hornik\", role = \"trl\", comment = \"partial port ca 1998\"), person(\"Albrecht\", \"Gebhardt\", role = \"trl\", comment = \"partial port ca 1998\"), person(\"David\", \"Firth\", role = \"ctb\"))",
      "Description": "Functions and datasets to support Venables and Ripley, \"Modern Applied Statistics with S\" (4th edition, 2002).",
      "Title": "Support Functions and Datasets for Venables and Ripley's MASS",
      "LazyData": "yes",
      "ByteCompile": "yes",
      "License": "GPL-2 | GPL-3",
      "URL": "http://www.stats.ox.ac.uk/pub/MASS4/",
      "Contact": "<MASS@stats.ox.ac.uk>",
      "NeedsCompilation": "yes",
      "Author": "Brian Ripley [aut, cre, cph], Bill Venables [ctb], Douglas M. Bates [ctb], Kurt Hornik [trl] (partial port ca 1998), Albrecht Gebhardt [trl] (partial port ca 1998), David Firth [ctb]",
      "Maintainer": "Brian Ripley <ripley@stats.ox.ac.uk>",
      "Repository": "CRAN"
    },
    "cli": {
      "Package": "cli",
      "Version": "3.6.5",
      "Source": "Repository",
      "Title": "Helpers for Developing Command Line Interfaces",
      "Authors@R": "c( person(\"Gábor\", \"Csárdi\", , \"gabor@posit.co\", role = c(\"aut\", \"cre\")), person(\"Hadley\", \"Wickham\", role = \"ctb\"), person(\"Kirill\", \"Müller\", role = \"ctb\"), person(\"Salim\", \"Brüggemann\", , \"salim-b@pm.me\", role = \"ctb\", comment = c(ORCID = \"0000-0002-5329-5987\")), person(\"Posit Software, PBC\", role = c(\"cph\", \"fnd\")) )",
      "Description": "A suite of tools to build attractive command line interfaces ('CLIs'), from semantic elements: headings, lists, alerts, paragraphs, etc. Supports custom themes via a 'CSS'-like language. It also contains a number of lower level 'CLI' elements: rules, boxes, trees, and 'Unicode' symbols with 'ASCII' alternatives. It support ANSI colors and text styles as well.",
      "License": "MIT + file LICENSE",
      "URL": "https://cli.r-lib.org, https://github.com/r-lib/cli",
      "BugReports": "https://github.com/r-lib/cli/issues",
      "Depends": [
        "R (>= 3.4)"
      ],
      "Imports": [
        "utils"
      ],
      "Suggests": [
        "callr",
        "covr",
        "crayon",
        "digest",
        "glue (>= 1.6.0)",
        "grDevices",
        "htmltools",
        "htmlwidgets",
        "knitr",
        "methods",
        "processx",
        "ps (>= 1.3.4.9000)",
        "rlang (>= 1.0.2.9003)",
        "rmarkdown",
        "rprojroot",
        "rstudioapi",
        "testthat (>= 3.2.0)",
        "tibble",
        "whoami",
        "withr"
      ],
      "Config/Needs/website": "r-lib/asciicast, bench, brio, cpp11, decor, desc, fansi, prettyunits, sessioninfo, tidyverse/tidytemplate, usethis, vctrs",
      "Config/testthat/edition": "3",
      "Encoding": "UTF-8",
      "RoxygenNote": "7.3.2",
      "NeedsCompilation": "yes",
      "Author": "Gábor Csárdi [aut, cre], Hadley Wickham [ctb], Kirill Müller [ctb], Salim Brüggemann [ctb] (<https://orcid.org/0000-0002-5329-5987>), Posit Software, PBC [cph, fnd]",
      "Maintainer": "Gábor Csárdi <gabor@posit.co>",
      "Repository": "CRAN"
    },
    "cluster": {
      "Package": "cluster",
      "Version": "2.1.8.1",
      "Source": "Repository",
      "VersionNote": "Last CRAN: 2.1.8 on 2024-12-10; 2.1.7 on 2024-12-06; 2.1.6 on 2023-11-30; 2.1.5 on 2023-11-27",
      "Date": "2025-03-11",
      "Priority": "recommended",
      "Title": "\"Finding Groups in Data\": Cluster Analysis Extended Rousseeuw et al.",
      "Description": "Methods for Cluster analysis.  Much extended the original from Peter Rousseeuw, Anja Struyf and Mia Hubert, based on Kaufman and Rousseeuw (1990) \"Finding Groups in Data\".",
      "Maintainer": "Martin Maechler <maechler@stat.math.ethz.ch>",
      "Authors@R": "c(person(\"Martin\",\"Maechler\", role = c(\"aut\",\"cre\"), email=\"maechler@stat.math.ethz.ch\", comment = c(ORCID = \"0000-0002-8685-9910\")) ,person(\"Peter\", \"Rousseeuw\", role=\"aut\", email=\"peter.rousseeuw@kuleuven.be\", comment = c(\"Fortran original\", ORCID = \"0000-0002-3807-5353\")) ,person(\"Anja\", \"Struyf\", role=\"aut\", comment= \"S original\") ,person(\"Mia\", \"Hubert\", role=\"aut\", email= \"Mia.Hubert@uia.ua.ac.be\", comment = c(\"S original\", ORCID = \"0000-0001-6398-4850\")) ,person(\"Kurt\", \"Hornik\", role=c(\"trl\", \"ctb\"), email=\"Kurt.Hornik@R-project.org\", comment=c(\"port to R; maintenance(1999-2000)\", ORCID=\"0000-0003-4198-9911\")) ,person(\"Matthias\", \"Studer\", role=\"ctb\") ,person(\"Pierre\", \"Roudier\", role=\"ctb\") ,person(\"Juan\",   \"Gonzalez\", role=\"ctb\") ,person(\"Kamil\",  \"Kozlowski\", role=\"ctb\") ,person(\"Erich\",  \"Schubert\", role=\"ctb\", comment = c(\"fastpam options for pam()\", ORCID = \"0000-0001-9143-4880\")) ,person(\"Keefe\",  \"Murphy\", role=\"ctb\", comment = \"volume.ellipsoid({d >= 3})\") #not yet ,person(\"Fischer-Rasmussen\", \"Kasper\", role = \"ctb\", comment = \"Gower distance for CLARA\") )",
      "Depends": [
        "R (>= 3.5.0)"
      ],
      "Imports": [
        "graphics",
        "grDevices",
        "stats",
        "utils"
      ],
      "Suggests": [
        "MASS",
        "Matrix"
      ],
      "SuggestsNote": "MASS: two examples using cov.rob() and mvrnorm(); Matrix tools for testing",
      "Enhances": [
        "mvoutlier",
        "fpc",
        "ellipse",
        "sfsmisc"
      ],
      "EnhancesNote": "xref-ed in man/*.Rd",
      "LazyLoad": "yes",
      "LazyData": "yes",
      "ByteCompile": "yes",
      "BuildResaveData": "no",
      "License": "GPL (>= 2)",
      "URL": "https://svn.r-project.org/R-packages/trunk/cluster/",
      "NeedsCompilation": "yes",
      "Author": "Martin Maechler [aut, cre] (<https://orcid.org/0000-0002-8685-9910>), Peter Rousseeuw [aut] (Fortran original, <https://orcid.org/0000-0002-3807-5353>), Anja Struyf [aut] (S original), Mia Hubert [aut] (S original, <https://orcid.org/0000-0001-6398-4850>), Kurt Hornik [trl, ctb] (port to R; maintenance(1999-2000), <https://orcid.org/0000-0003-4198-9911>), Matthias Studer [ctb], Pierre Roudier [ctb], Juan Gonzalez [ctb], Kamil Kozlowski [ctb], Erich Schubert [ctb] (fastpam options for pam(), <https://orcid.org/0000-0001-9143-4880>), Keefe Murphy [ctb] (volume.ellipsoid({d >= 3}))",
      "Repository": "CRAN"
    },
    "evaluate": {
      "Package": "evaluate",
      "Version": "1.0.5",
      "Source": "Repository",
      "Type": "Package",
      "Title": "Parsing and Evaluation Tools that Provide More Details than the Default",
      "Authors@R": "c( person(\"Hadley\", \"Wickham\", , \"hadley@posit.co\", role = c(\"aut\", \"cre\")), person(\"Yihui\", \"Xie\", role = \"aut\", comment = c(ORCID = \"0000-0003-0645-5666\")), person(\"Michael\", \"Lawrence\", role = \"ctb\"), person(\"Thomas\", \"Kluyver\", role = \"ctb\"), person(\"Jeroen\", \"Ooms\", role = \"ctb\"), person(\"Barret\", \"Schloerke\", role = \"ctb\"), person(\"Adam\", \"Ryczkowski\", role = \"ctb\"), person(\"Hiroaki\", \"Yutani\", role = \"ctb\"), person(\"Michel\", \"Lang\", role = \"ctb\"), person(\"Karolis\", \"Koncevičius\", role = \"ctb\"), person(\"Posit Software, PBC\", role = c(\"cph\", \"fnd\")) )",
      "Description": "Parsing and evaluation tools that make it easy to recreate the command line behaviour of R.",
      "License": "MIT + file LICENSE",
      "URL": "https://evaluate.r-lib.org/, https://github.com/r-lib/evaluate",
      "BugReports": "https://github.com/r-lib/evaluate/issues",
      "Depends": [
        "R (>= 3.6.0)"
      ],
      "Suggests": [
        "callr",
        "covr",
        "ggplot2 (>= 3.3.6)",
        "lattice",
        "methods",
        "pkgload",
        "ragg (>= 1.4.0)",
        "rlang (>= 1.1.5)",
        "knitr",
        "testthat (>= 3.0.0)",
        "withr"
      ],
      "Config/Needs/website": "tidyverse/tidytemplate",
      "Config/testthat/edition": "3",
      "Encoding": "UTF-8",
      "RoxygenNote": "7.3.2",
      "NeedsCompilation": "no",
      "Author": "Hadley Wickham [aut, cre], Yihui Xie [aut] (ORCID: <https://orcid.org/0000-0003-0645-5666>), Michael Lawrence [ctb], Thomas Kluyver [ctb], Jeroen Ooms [ctb], Barret Schloerke [ctb], Adam Ryczkowski [ctb], Hiroaki Yutani [ctb], Michel Lang [ctb], Karolis Koncevičius [ctb], Posit Software, PBC [cph, fnd]",
      "Maintainer": "Hadley Wickham <hadley@posit.co>",
      "Repository": "CRAN"
    },
    "glue": {
      "Package": "glue",
      "Version": "1.8.0",
      "Source": "Repository",
      "Title": "Interpreted String Literals",
      "Authors@R": "c( person(\"Jim\", \"Hester\", role = \"aut\", comment = c(ORCID = \"0000-0002-2739-7082\")), person(\"Jennifer\", \"Bryan\", , \"jenny@posit.co\", role = c(\"aut\", \"cre\"), comment = c(ORCID = \"0000-0002-6983-2759\")), person(\"Posit Software, PBC\", role = c(\"cph\", \"fnd\")) )",
      "Description": "An implementation of interpreted string literals, inspired by Python's Literal String Interpolation <https://www.python.org/dev/peps/pep-0498/> and Docstrings <https://www.python.org/dev/peps/pep-0257/> and Julia's Triple-Quoted String Literals <https://docs.julialang.org/en/v1.3/manual/strings/#Triple-Quoted-String-Literals-1>.",
      "License": "MIT + file LICENSE",
      "URL": "https://glue.tidyverse.org/, https://github.com/tidyverse/glue",
      "BugReports": "https://github.com/tidyverse/glue/issues",
      "Depends": [
        "R (>= 3.6)"
      ],
      "Imports": [
        "methods"
      ],
      "Suggests": [
        "crayon",
        "DBI (>= 1.2.0)",
        "dplyr",
        "knitr",
        "magrittr",
        "rlang",
        "rmarkdown",
        "RSQLite",
        "testthat (>= 3.2.0)",
        "vctrs (>= 0.3.0)",
        "waldo (>= 0.5.3)",
        "withr"
      ],
      "VignetteBuilder": "knitr",
      "ByteCompile": "true",
      "Config/Needs/website": "bench, forcats, ggbeeswarm, ggplot2, R.utils, rprintf, tidyr, tidyverse/tidytemplate",
      "Config/testthat/edition": "3",
      "Encoding": "UTF-8",
      "RoxygenNote": "7.3.2",
      "NeedsCompilation": "yes",
      "Author": "Jim Hester [aut] (<https://orcid.org/0000-0002-2739-7082>), Jennifer Bryan [aut, cre] (<https://orcid.org/0000-0002-6983-2759>), Posit Software, PBC [cph, fnd]",
      "Maintainer": "Jennifer Bryan <jenny@posit.co>",
      "Repository": "CRAN"
    },
    "highr": {
      "Package": "highr",
      "Version": "0.11",
      "Source": "Repository",
      "Type": "Package",
      "Title": "Syntax Highlighting for R Source Code",
      "Authors@R": "c( person(\"Yihui\", \"Xie\", role = c(\"aut\", \"cre\"), email = \"xie@yihui.name\", comment = c(ORCID = \"0000-0003-0645-5666\")), person(\"Yixuan\", \"Qiu\", role = \"aut\"), person(\"Christopher\", \"Gandrud\", role = \"ctb\"), person(\"Qiang\", \"Li\", role = \"ctb\") )",
      "Description": "Provides syntax highlighting for R source code. Currently it supports LaTeX and HTML output. Source code of other languages is supported via Andre Simon's highlight package (<https://gitlab.com/saalen/highlight>).",
      "Depends": [
        "R (>= 3.3.0)"
      ],
      "Imports": [
        "xfun (>= 0.18)"
      ],
      "Suggests": [
        "knitr",
        "markdown",
        "testit"
      ],
      "License": "GPL",
      "URL": "https://github.com/yihui/highr",
      "BugReports": "https://github.com/yihui/highr/issues",
      "VignetteBuilder": "knitr",
      "Encoding": "UTF-8",
      "RoxygenNote": "7.3.1",
      "NeedsCompilation": "no",
      "Author": "Yihui Xie [aut, cre] (<https://orcid.org/0000-0003-0645-5666>), Yixuan Qiu [aut], Christopher Gandrud [ctb], Qiang Li [ctb]",
      "Maintainer": "Yihui Xie <xie@yihui.name>",
      "Repository": "CRAN"
    },
    "jsonlite": {
      "Package": "jsonlite",
      "Version": "2.0.0",
      "Source": "Repository",
      "Title": "A Simple and Robust JSON Parser and Generator for R",
      "License": "MIT + file LICENSE",
      "Depends": [
        "methods"
      ],
      "Authors@R": "c( person(\"Jeroen\", \"Ooms\", role = c(\"aut\", \"cre\"), email = \"jeroenooms@gmail.com\", comment = c(ORCID = \"0000-0002-4035-0289\")), person(\"Duncan\", \"Temple Lang\", role = \"ctb\"), person(\"Lloyd\", \"Hilaiel\", role = \"cph\", comment=\"author of bundled libyajl\"))",
      "URL": "https://jeroen.r-universe.dev/jsonlite https://arxiv.org/abs/1403.2805",
      "BugReports": "https://github.com/jeroen/jsonlite/issues",
      "Maintainer": "Jeroen Ooms <jeroenooms@gmail.com>",
      "VignetteBuilder": "knitr, R.rsp",
      "Description": "A reasonably fast JSON parser and generator, optimized for statistical  data and the web. Offers simple, flexible tools for working with JSON in R, and is particularly powerful for building pipelines and interacting with a web API.  The implementation is based on the mapping described in the vignette (Ooms, 2014). In addition to converting JSON data from/to R objects, 'jsonlite' contains  functions to stream, validate, and prettify JSON data. The unit tests included  with the package verify that all edge cases are encoded and decoded consistently  for use with dynamic data in systems and applications.",
      "Suggests": [
        "httr",
        "vctrs",
        "testthat",
        "knitr",
        "rmarkdown",
        "R.rsp",
        "sf"
      ],
      "RoxygenNote": "7.3.2",
      "Encoding": "UTF-8",
      "NeedsCompilation": "yes",
      "Author": "Jeroen Ooms [aut, cre] (<https://orcid.org/0000-0002-4035-0289>), Duncan Temple Lang [ctb], Lloyd Hilaiel [cph] (author of bundled libyajl)",
      "Repository": "CRAN"
    },
    "knitr": {
      "Package": "knitr",
      "Version": "1.51",
      "Source": "Repository",
      "Type": "Package",
      "Title": "A General-Purpose Package for Dynamic Report Generation in R",
      "Authors@R": "c( person(\"Yihui\", \"Xie\", role = c(\"aut\", \"cre\"), email = \"xie@yihui.name\", comment = c(ORCID = \"0000-0003-0645-5666\", URL = \"https://yihui.org\")), person(\"Abhraneel\", \"Sarma\", role = \"ctb\"), person(\"Adam\", \"Vogt\", role = \"ctb\"), person(\"Alastair\", \"Andrew\", role = \"ctb\"), person(\"Alex\", \"Zvoleff\", role = \"ctb\"), person(\"Amar\", \"Al-Zubaidi\", role = \"ctb\"), person(\"Andre\", \"Simon\", role = \"ctb\", comment = \"the CSS files under inst/themes/ were derived from the Highlight package http://www.andre-simon.de\"), person(\"Aron\", \"Atkins\", role = \"ctb\"), person(\"Aaron\", \"Wolen\", role = \"ctb\"), person(\"Ashley\", \"Manton\", role = \"ctb\"), person(\"Atsushi\", \"Yasumoto\", role = \"ctb\", comment = c(ORCID = \"0000-0002-8335-495X\")), person(\"Ben\", \"Baumer\", role = \"ctb\"), person(\"Brian\", \"Diggs\", role = \"ctb\"), person(\"Brian\", \"Zhang\", role = \"ctb\"), person(\"Bulat\", \"Yapparov\", role = \"ctb\"), person(\"Cassio\", \"Pereira\", role = \"ctb\"), person(\"Christophe\", \"Dervieux\", role = \"ctb\"), person(\"David\", \"Hall\", role = \"ctb\"), person(\"David\", \"Hugh-Jones\", role = \"ctb\"), person(\"David\", \"Robinson\", role = \"ctb\"), person(\"Doug\", \"Hemken\", role = \"ctb\"), person(\"Duncan\", \"Murdoch\", role = \"ctb\"), person(\"Elio\", \"Campitelli\", role = \"ctb\"), person(\"Ellis\", \"Hughes\", role = \"ctb\"), person(\"Emily\", \"Riederer\", role = \"ctb\"), person(\"Fabian\", \"Hirschmann\", role = \"ctb\"), person(\"Fitch\", \"Simeon\", role = \"ctb\"), person(\"Forest\", \"Fang\", role = \"ctb\"), person(c(\"Frank\", \"E\", \"Harrell\", \"Jr\"), role = \"ctb\", comment = \"the Sweavel package at inst/misc/Sweavel.sty\"), person(\"Garrick\", \"Aden-Buie\", role = \"ctb\"), person(\"Gregoire\", \"Detrez\", role = \"ctb\"), person(\"Hadley\", \"Wickham\", role = \"ctb\"), person(\"Hao\", \"Zhu\", role = \"ctb\"), person(\"Heewon\", \"Jeon\", role = \"ctb\"), person(\"Henrik\", \"Bengtsson\", role = \"ctb\"), person(\"Hiroaki\", \"Yutani\", role = \"ctb\"), person(\"Ian\", \"Lyttle\", role = \"ctb\"), person(\"Hodges\", \"Daniel\", role = \"ctb\"), person(\"Jacob\", \"Bien\", role = \"ctb\"), person(\"Jake\", \"Burkhead\", role = \"ctb\"), person(\"James\", \"Manton\", role = \"ctb\"), person(\"Jared\", \"Lander\", role = \"ctb\"), person(\"Jason\", \"Punyon\", role = \"ctb\"), person(\"Javier\", \"Luraschi\", role = \"ctb\"), person(\"Jeff\", \"Arnold\", role = \"ctb\"), person(\"Jenny\", \"Bryan\", role = \"ctb\"), person(\"Jeremy\", \"Ashkenas\", role = c(\"ctb\", \"cph\"), comment = \"the CSS file at inst/misc/docco-classic.css\"), person(\"Jeremy\", \"Stephens\", role = \"ctb\"), person(\"Jim\", \"Hester\", role = \"ctb\"), person(\"Joe\", \"Cheng\", role = \"ctb\"), person(\"Johannes\", \"Ranke\", role = \"ctb\"), person(\"John\", \"Honaker\", role = \"ctb\"), person(\"John\", \"Muschelli\", role = \"ctb\"), person(\"Jonathan\", \"Keane\", role = \"ctb\"), person(\"JJ\", \"Allaire\", role = \"ctb\"), person(\"Johan\", \"Toloe\", role = \"ctb\"), person(\"Jonathan\", \"Sidi\", role = \"ctb\"), person(\"Joseph\", \"Larmarange\", role = \"ctb\"), person(\"Julien\", \"Barnier\", role = \"ctb\"), person(\"Kaiyin\", \"Zhong\", role = \"ctb\"), person(\"Kamil\", \"Slowikowski\", role = \"ctb\"), person(\"Karl\", \"Forner\", role = \"ctb\"), person(c(\"Kevin\", \"K.\"), \"Smith\", role = \"ctb\"), person(\"Kirill\", \"Mueller\", role = \"ctb\"), person(\"Kohske\", \"Takahashi\", role = \"ctb\"), person(\"Lorenz\", \"Walthert\", role = \"ctb\"), person(\"Lucas\", \"Gallindo\", role = \"ctb\"), person(\"Marius\", \"Hofert\", role = \"ctb\"), person(\"Martin\", \"Modrák\", role = \"ctb\"), person(\"Michael\", \"Chirico\", role = \"ctb\"), person(\"Michael\", \"Friendly\", role = \"ctb\"), person(\"Michal\", \"Bojanowski\", role = \"ctb\"), person(\"Michel\", \"Kuhlmann\", role = \"ctb\"), person(\"Miller\", \"Patrick\", role = \"ctb\"), person(\"Nacho\", \"Caballero\", role = \"ctb\"), person(\"Nick\", \"Salkowski\", role = \"ctb\"), person(\"Niels Richard\", \"Hansen\", role = \"ctb\"), person(\"Noam\", \"Ross\", role = \"ctb\"), person(\"Obada\", \"Mahdi\", role = \"ctb\"), person(\"Pavel N.\", \"Krivitsky\", role = \"ctb\", comment=c(ORCID = \"0000-0002-9101-3362\")), person(\"Pedro\", \"Faria\", role = \"ctb\"), person(\"Qiang\", \"Li\", role = \"ctb\"), person(\"Ramnath\", \"Vaidyanathan\", role = \"ctb\"), person(\"Richard\", \"Cotton\", role = \"ctb\"), person(\"Robert\", \"Krzyzanowski\", role = \"ctb\"), person(\"Rodrigo\", \"Copetti\", role = \"ctb\"), person(\"Romain\", \"Francois\", role = \"ctb\"), person(\"Ruaridh\", \"Williamson\", role = \"ctb\"), person(\"Sagiru\", \"Mati\", role = \"ctb\", comment = c(ORCID = \"0000-0003-1413-3974\")), person(\"Scott\", \"Kostyshak\", role = \"ctb\"), person(\"Sebastian\", \"Meyer\", role = \"ctb\"), person(\"Sietse\", \"Brouwer\", role = \"ctb\"), person(c(\"Simon\", \"de\"), \"Bernard\", role = \"ctb\"), person(\"Sylvain\", \"Rousseau\", role = \"ctb\"), person(\"Taiyun\", \"Wei\", role = \"ctb\"), person(\"Thibaut\", \"Assus\", role = \"ctb\"), person(\"Thibaut\", \"Lamadon\", role = \"ctb\"), person(\"Thomas\", \"Leeper\", role = \"ctb\"), person(\"Tim\", \"Mastny\", role = \"ctb\"), person(\"Tom\", \"Torsney-Weir\", role = \"ctb\"), person(\"Trevor\", \"Davis\", role = \"ctb\"), person(\"Viktoras\", \"Veitas\", role = \"ctb\"), person(\"Weicheng\", \"Zhu\", role = \"ctb\"), person(\"Wush\", \"Wu\", role = \"ctb\"), person(\"Zachary\", \"Foster\", role = \"ctb\"), person(\"Zhian N.\", \"Kamvar\", role = \"ctb\", comment = c(ORCID = \"0000-0003-1458-7108\")), person(given = \"Posit Software, PBC\", role = c(\"cph\", \"fnd\")) )",
      "Description": "Provides a general-purpose tool for dynamic report generation in R using Literate Programming techniques.",
      "Depends": [
        "R (>= 3.6.0)"
      ],
      "Imports": [
        "evaluate (>= 0.15)",
        "highr (>= 0.11)",
        "methods",
        "tools",
        "xfun (>= 0.52)",
        "yaml (>= 2.1.19)"
      ],
      "Suggests": [
        "bslib",
        "DBI (>= 0.4-1)",
        "digest",
        "formatR",
        "gifski",
        "gridSVG",
        "htmlwidgets (>= 0.7)",
        "jpeg",
        "JuliaCall (>= 0.11.1)",
        "magick",
        "litedown",
        "markdown (>= 1.3)",
        "otel",
        "otelsdk",
        "png",
        "ragg",
        "reticulate (>= 1.4)",
        "rgl (>= 0.95.1201)",
        "rlang",
        "rmarkdown",
        "sass",
        "showtext",
        "styler (>= 1.2.0)",
        "targets (>= 0.6.0)",
        "testit",
        "tibble",
        "tikzDevice (>= 0.10)",
        "tinytex (>= 0.56)",
        "webshot",
        "rstudioapi",
        "svglite"
      ],
      "License": "GPL",
      "URL": "https://yihui.org/knitr/",
      "BugReports": "https://github.com/yihui/knitr/issues",
      "Encoding": "UTF-8",
      "VignetteBuilder": "litedown, knitr",
      "SystemRequirements": "Package vignettes based on R Markdown v2 or reStructuredText require Pandoc (http://pandoc.org). The function rst2pdf() requires rst2pdf (https://github.com/rst2pdf/rst2pdf).",
      "Collate": "'block.R' 'cache.R' 'citation.R' 'hooks-html.R' 'plot.R' 'utils.R' 'defaults.R' 'concordance.R' 'engine.R' 'highlight.R' 'themes.R' 'header.R' 'hooks-asciidoc.R' 'hooks-chunk.R' 'hooks-extra.R' 'hooks-latex.R' 'hooks-md.R' 'hooks-rst.R' 'hooks-textile.R' 'hooks.R' 'otel.R' 'output.R' 'package.R' 'pandoc.R' 'params.R' 'parser.R' 'pattern.R' 'rocco.R' 'spin.R' 'table.R' 'template.R' 'utils-conversion.R' 'utils-rd2html.R' 'utils-string.R' 'utils-sweave.R' 'utils-upload.R' 'utils-vignettes.R' 'zzz.R'",
      "RoxygenNote": "7.3.3",
      "NeedsCompilation": "no",
      "Author": "Yihui Xie [aut, cre] (ORCID: <https://orcid.org/0000-0003-0645-5666>, URL: https://yihui.org), Abhraneel Sarma [ctb], Adam Vogt [ctb], Alastair Andrew [ctb], Alex Zvoleff [ctb], Amar Al-Zubaidi [ctb], Andre Simon [ctb] (the CSS files under inst/themes/ were derived from the Highlight package http://www.andre-simon.de), Aron Atkins [ctb], Aaron Wolen [ctb], Ashley Manton [ctb], Atsushi Yasumoto [ctb] (ORCID: <https://orcid.org/0000-0002-8335-495X>), Ben Baumer [ctb], Brian Diggs [ctb], Brian Zhang [ctb], Bulat Yapparov [ctb], Cassio Pereira [ctb], Christophe Dervieux [ctb], David Hall [ctb], David Hugh-Jones [ctb], David Robinson [ctb], Doug Hemken [ctb], Duncan Murdoch [ctb], Elio Campitelli [ctb], Ellis Hughes [ctb], Emily Riederer [ctb], Fabian Hirschmann [ctb], Fitch Simeon [ctb], Forest Fang [ctb], Frank E Harrell Jr [ctb] (the Sweavel package at inst/misc/Sweavel.sty), Garrick Aden-Buie [ctb], Gregoire Detrez [ctb], Hadley Wickham [ctb], Hao Zhu [ctb], Heewon Jeon [ctb], Henrik Bengtsson [ctb], Hiroaki Yutani [ctb], Ian Lyttle [ctb], Hodges Daniel [ctb], Jacob Bien [ctb], Jake Burkhead [ctb], James Manton [ctb], Jared Lander [ctb], Jason Punyon [ctb], Javier Luraschi [ctb], Jeff Arnold [ctb], Jenny Bryan [ctb], Jeremy Ashkenas [ctb, cph] (the CSS file at inst/misc/docco-classic.css), Jeremy Stephens [ctb], Jim Hester [ctb], Joe Cheng [ctb], Johannes Ranke [ctb], John Honaker [ctb], John Muschelli [ctb], Jonathan Keane [ctb], JJ Allaire [ctb], Johan Toloe [ctb], Jonathan Sidi [ctb], Joseph Larmarange [ctb], Julien Barnier [ctb], Kaiyin Zhong [ctb], Kamil Slowikowski [ctb], Karl Forner [ctb], Kevin K. Smith [ctb], Kirill Mueller [ctb], Kohske Takahashi [ctb], Lorenz Walthert [ctb], Lucas Gallindo [ctb], Marius Hofert [ctb], Martin Modrák [ctb], Michael Chirico [ctb], Michael Friendly [ctb], Michal Bojanowski [ctb], Michel Kuhlmann [ctb], Miller Patrick [ctb], Nacho Caballero [ctb], Nick Salkowski [ctb], Niels Richard Hansen [ctb], Noam Ross [ctb], Obada Mahdi [ctb], Pavel N. Krivitsky [ctb] (ORCID: <https://orcid.org/0000-0002-9101-3362>), Pedro Faria [ctb], Qiang Li [ctb], Ramnath Vaidyanathan [ctb], Richard Cotton [ctb], Robert Krzyzanowski [ctb], Rodrigo Copetti [ctb], Romain Francois [ctb], Ruaridh Williamson [ctb], Sagiru Mati [ctb] (ORCID: <https://orcid.org/0000-0003-1413-3974>), Scott Kostyshak [ctb], Sebastian Meyer [ctb], Sietse Brouwer [ctb], Simon de Bernard [ctb], Sylvain Rousseau [ctb], Taiyun Wei [ctb], Thibaut Assus [ctb], Thibaut Lamadon [ctb], Thomas Leeper [ctb], Tim Mastny [ctb], Tom Torsney-Weir [ctb], Trevor Davis [ctb], Viktoras Veitas [ctb], Weicheng Zhu [ctb], Wush Wu [ctb], Zachary Foster [ctb], Zhian N. Kamvar [ctb] (ORCID: <https://orcid.org/0000-0003-1458-7108>), Posit Software, PBC [cph, fnd]",
      "Maintainer": "Yihui Xie <xie@yihui.name>",
      "Repository": "RSPM"
    },
    "lifecycle": {
      "Package": "lifecycle",
      "Version": "1.0.5",
      "Source": "Repository",
      "Title": "Manage the Life Cycle of your Package Functions",
      "Authors@R": "c( person(\"Lionel\", \"Henry\", , \"lionel@posit.co\", role = c(\"aut\", \"cre\")), person(\"Hadley\", \"Wickham\", , \"hadley@posit.co\", role = \"aut\", comment = c(ORCID = \"0000-0003-4757-117X\")), person(\"Posit Software, PBC\", role = c(\"cph\", \"fnd\")) )",
      "Description": "Manage the life cycle of your exported functions with shared conventions, documentation badges, and user-friendly deprecation warnings.",
      "License": "MIT + file LICENSE",
      "URL": "https://lifecycle.r-lib.org/, https://github.com/r-lib/lifecycle",
      "BugReports": "https://github.com/r-lib/lifecycle/issues",
      "Depends": [
        "R (>= 3.6)"
      ],
      "Imports": [
        "cli (>= 3.4.0)",
        "rlang (>= 1.1.0)"
      ],
      "Suggests": [
        "covr",
        "knitr",
        "lintr (>= 3.1.0)",
        "rmarkdown",
        "testthat (>= 3.0.1)",
        "tibble",
        "tidyverse",
        "tools",
        "vctrs",
        "withr",
        "xml2"
      ],
      "VignetteBuilder": "knitr",
      "Config/Needs/website": "tidyverse/tidytemplate, usethis",
      "Config/testthat/edition": "3",
      "Encoding": "UTF-8",
      "RoxygenNote": "7.3.3",
      "NeedsCompilation": "no",
      "Author": "Lionel Henry [aut, cre], Hadley Wickham [aut] (ORCID: <https://orcid.org/0000-0003-4757-117X>), Posit Software, PBC [cph, fnd]",
      "Maintainer": "Lionel Henry <lionel@posit.co>",
      "Repository": "RSPM"
    },
    "magrittr": {
      "Package": "magrittr",
      "Version": "2.0.4",
      "Source": "Repository",
      "Type": "Package",
      "Title": "A Forward-Pipe Operator for R",
      "Authors@R": "c( person(\"Stefan Milton\", \"Bache\", , \"stefan@stefanbache.dk\", role = c(\"aut\", \"cph\"), comment = \"Original author and creator of magrittr\"), person(\"Hadley\", \"Wickham\", , \"hadley@posit.co\", role = \"aut\"), person(\"Lionel\", \"Henry\", , \"lionel@posit.co\", role = \"cre\"), person(\"Posit Software, PBC\", role = c(\"cph\", \"fnd\"), comment = c(ROR = \"03wc8by49\")) )",
      "Description": "Provides a mechanism for chaining commands with a new forward-pipe operator, %>%. This operator will forward a value, or the result of an expression, into the next function call/expression. There is flexible support for the type of right-hand side expressions. For more information, see package vignette.  To quote Rene Magritte, \"Ceci n'est pas un pipe.\"",
      "License": "MIT + file LICENSE",
      "URL": "https://magrittr.tidyverse.org, https://github.com/tidyverse/magrittr",
      "BugReports": "https://github.com/tidyverse/magrittr/issues",
      "Depends": [
        "R (>= 3.4.0)"
      ],
      "Suggests": [
        "covr",
        "knitr",
        "rlang",
        "rmarkdown",
        "testthat"
      ],
      "VignetteBuilder": "knitr",
      "ByteCompile": "Yes",
      "Config/Needs/website": "tidyverse/tidytemplate",
      "Encoding": "UTF-8",
      "RoxygenNote": "7.3.3",
      "NeedsCompilation": "yes",
      "Author": "Stefan Milton Bache [aut, cph] (Original author and creator of magrittr), Hadley Wickham [aut], Lionel Henry [cre], Posit Software, PBC [cph, fnd] (ROR: <https://ror.org/03wc8by49>)",
      "Maintainer": "Lionel Henry <lionel@posit.co>",
      "Repository": "CRAN"
    },
    "renv": {
      "Package": "renv",
      "Version": "1.1.5",
      "Source": "Repository",
      "Type": "Package",
      "Title": "Project Environments",
      "Authors@R": "c( person(\"Kevin\", \"Ushey\", role = c(\"aut\", \"cre\"), email = \"kevin@rstudio.com\", comment = c(ORCID = \"0000-0003-2880-7407\")), person(\"Hadley\", \"Wickham\", role = c(\"aut\"), email = \"hadley@rstudio.com\", comment = c(ORCID = \"0000-0003-4757-117X\")), person(\"Posit Software, PBC\", role = c(\"cph\", \"fnd\")) )",
      "Description": "A dependency management toolkit for R. Using 'renv', you can create and manage project-local R libraries, save the state of these libraries to a 'lockfile', and later restore your library as required. Together, these tools can help make your projects more isolated, portable, and reproducible.",
      "License": "MIT + file LICENSE",
      "URL": "https://rstudio.github.io/renv/, https://github.com/rstudio/renv",
      "BugReports": "https://github.com/rstudio/renv/issues",
      "Imports": [
        "utils"
      ],
      "Suggests": [
        "BiocManager",
        "cli",
        "compiler",
        "covr",
        "cpp11",
        "devtools",
        "generics",
        "gitcreds",
        "jsonlite",
        "jsonvalidate",
        "knitr",
        "miniUI",
        "modules",
        "packrat",
        "pak",
        "R6",
        "remotes",
        "reticulate",
        "rmarkdown",
        "rstudioapi",
        "shiny",
        "testthat",
        "uuid",
        "waldo",
        "yaml",
        "webfakes"
      ],
      "Encoding": "UTF-8",
      "RoxygenNote": "7.3.2",
      "VignetteBuilder": "knitr",
      "Config/Needs/website": "tidyverse/tidytemplate",
      "Config/testthat/edition": "3",
      "Config/testthat/parallel": "true",
      "Config/testthat/start-first": "bioconductor,python,install,restore,snapshot,retrieve,remotes",
      "NeedsCompilation": "no",
      "Author": "Kevin Ushey [aut, cre] (ORCID: <https://orcid.org/0000-0003-2880-7407>), Hadley Wickham [aut] (ORCID: <https://orcid.org/0000-0003-4757-117X>), Posit Software, PBC [cph, fnd]",
      "Maintainer": "Kevin Ushey <kevin@rstudio.com>",
      "Repository": "CRAN"
    },
    "rlang": {
      "Package": "rlang",
      "Version": "1.1.7",
      "Source": "Repository",
      "Title": "Functions for Base Types and Core R and 'Tidyverse' Features",
      "Description": "A toolbox for working with base types, core R features like the condition system, and core 'Tidyverse' features like tidy evaluation.",
      "Authors@R": "c( person(\"Lionel\", \"Henry\", ,\"lionel@posit.co\", c(\"aut\", \"cre\")), person(\"Hadley\", \"Wickham\", ,\"hadley@posit.co\", \"aut\"), person(given = \"mikefc\", email = \"mikefc@coolbutuseless.com\", role = \"cph\", comment = \"Hash implementation based on Mike's xxhashlite\"), person(given = \"Yann\", family = \"Collet\", role = \"cph\", comment = \"Author of the embedded xxHash library\"), person(given = \"Posit, PBC\", role = c(\"cph\", \"fnd\")) )",
      "License": "MIT + file LICENSE",
      "ByteCompile": "true",
      "Biarch": "true",
      "Depends": [
        "R (>= 4.0.0)"
      ],
      "Imports": [
        "utils"
      ],
      "Suggests": [
        "cli (>= 3.1.0)",
        "covr",
        "crayon",
        "desc",
        "fs",
        "glue",
        "knitr",
        "magrittr",
        "methods",
        "pillar",
        "pkgload",
        "rmarkdown",
        "stats",
        "testthat (>= 3.2.0)",
        "tibble",
        "usethis",
        "vctrs (>= 0.2.3)",
        "withr"
      ],
      "Enhances": [
        "winch"
      ],
      "Encoding": "UTF-8",
      "RoxygenNote": "7.3.3",
      "URL": "https://rlang.r-lib.org, https://github.com/r-lib/rlang",
      "BugReports": "https://github.com/r-lib/rlang/issues",
      "Config/build/compilation-database": "true",
      "Config/testthat/edition": "3",
      "Config/Needs/website": "dplyr, tidyverse/tidytemplate",
      "NeedsCompilation": "yes",
      "Author": "Lionel Henry [aut, cre], Hadley Wickham [aut], mikefc [cph] (Hash implementation based on Mike's xxhashlite), Yann Collet [cph] (Author of the embedded xxHash library), Posit, PBC [cph, fnd]",
      "Maintainer": "Lionel Henry <lionel@posit.co>",
      "Repository": "RSPM"
    },
    "stringi": {
      "Package": "stringi",
      "Version": "1.8.7",
      "Source": "Repository",
      "Date": "2025-03-27",
      "Title": "Fast and Portable Character String Processing Facilities",
      "Description": "A collection of character string/text/natural language processing tools for pattern searching (e.g., with 'Java'-like regular expressions or the 'Unicode' collation algorithm), random string generation, case mapping, string transliteration, concatenation, sorting, padding, wrapping, Unicode normalisation, date-time formatting and parsing, and many more. They are fast, consistent, convenient, and - thanks to 'ICU' (International Components for Unicode) - portable across all locales and platforms. Documentation about 'stringi' is provided via its website at <https://stringi.gagolewski.com/> and the paper by Gagolewski (2022, <doi:10.18637/jss.v103.i02>).",
      "URL": "https://stringi.gagolewski.com/, https://github.com/gagolews/stringi, https://icu.unicode.org/",
      "BugReports": "https://github.com/gagolews/stringi/issues",
      "SystemRequirements": "ICU4C (>= 61, optional)",
      "Type": "Package",
      "Depends": [
        "R (>= 3.4)"
      ],
      "Imports": [
        "tools",
        "utils",
        "stats"
      ],
      "Biarch": "TRUE",
      "License": "file LICENSE",
      "Authors@R": "c(person(given = \"Marek\", family = \"Gagolewski\", role = c(\"aut\", \"cre\", \"cph\"), email = \"marek@gagolewski.com\", comment = c(ORCID = \"0000-0003-0637-6028\")), person(given = \"Bartek\", family = \"Tartanus\", role = \"ctb\"), person(\"Unicode, Inc. and others\", role=\"ctb\", comment = \"ICU4C source code, Unicode Character Database\") )",
      "RoxygenNote": "7.3.2",
      "Encoding": "UTF-8",
      "NeedsCompilation": "yes",
      "Author": "Marek Gagolewski [aut, cre, cph] (<https://orcid.org/0000-0003-0637-6028>), Bartek Tartanus [ctb], Unicode, Inc. and others [ctb] (ICU4C source code, Unicode Character Database)",
      "Maintainer": "Marek Gagolewski <marek@gagolewski.com>",
      "License_is_FOSS": "yes",
      "Repository": "CRAN"
    },
    "stringr": {
      "Package": "stringr",
      "Version": "1.6.0",
      "Source": "Repository",
      "Title": "Simple, Consistent Wrappers for Common String Operations",
      "Authors@R": "c( person(\"Hadley\", \"Wickham\", , \"hadley@posit.co\", role = c(\"aut\", \"cre\", \"cph\")), person(\"Posit Software, PBC\", role = c(\"cph\", \"fnd\")) )",
      "Description": "A consistent, simple and easy to use set of wrappers around the fantastic 'stringi' package. All function and argument names (and positions) are consistent, all functions deal with \"NA\"'s and zero length vectors in the same way, and the output from one function is easy to feed into the input of another.",
      "License": "MIT + file LICENSE",
      "URL": "https://stringr.tidyverse.org, https://github.com/tidyverse/stringr",
      "BugReports": "https://github.com/tidyverse/stringr/issues",
      "Depends": [
        "R (>= 4.1.0)"
      ],
      "Imports": [
        "cli",
        "glue (>= 1.6.1)",
        "lifecycle (>= 1.0.3)",
        "magrittr",
        "rlang (>= 1.0.0)",
        "stringi (>= 1.5.3)",
        "vctrs (>= 0.4.0)"
      ],
      "Suggests": [
        "covr",
        "dplyr",
        "gt",
        "htmltools",
        "htmlwidgets",
        "knitr",
        "rmarkdown",
        "testthat (>= 3.0.0)",
        "tibble"
      ],
      "VignetteBuilder": "knitr",
      "Config/Needs/website": "tidyverse/tidytemplate",
      "Config/potools/style": "explicit",
      "Config/testthat/edition": "3",
      "Encoding": "UTF-8",
      "LazyData": "true",
      "RoxygenNote": "7.3.3",
      "NeedsCompilation": "no",
      "Author": "Hadley Wickham [aut, cre, cph], Posit Software, PBC [cph, fnd]",
      "Maintainer": "Hadley Wickham <hadley@posit.co>",
      "Repository": "CRAN"
    },
    "vctrs": {
      "Package": "vctrs",
      "Version": "0.7.1",
      "Source": "Repository",
      "Title": "Vector Helpers",
      "Authors@R": "c( person(\"Hadley\", \"Wickham\", , \"hadley@posit.co\", role = \"aut\"), person(\"Lionel\", \"Henry\", , \"lionel@posit.co\", role = \"aut\"), person(\"Davis\", \"Vaughan\", , \"davis@posit.co\", role = c(\"aut\", \"cre\")), person(\"data.table team\", role = \"cph\", comment = \"Radix sort based on data.table's forder() and their contribution to R's order()\"), person(\"Posit Software, PBC\", role = c(\"cph\", \"fnd\")) )",
      "Description": "Defines new notions of prototype and size that are used to provide tools for consistent and well-founded type-coercion and size-recycling, and are in turn connected to ideas of type- and size-stability useful for analysing function interfaces.",
      "License": "MIT + file LICENSE",
      "URL": "https://vctrs.r-lib.org/, https://github.com/r-lib/vctrs",
      "BugReports": "https://github.com/r-lib/vctrs/issues",
      "Depends": [
        "R (>= 4.0.0)"
      ],
      "Imports": [
        "cli (>= 3.4.0)",
        "glue",
        "lifecycle (>= 1.0.3)",
        "rlang (>= 1.1.7)"
      ],
      "Suggests": [
        "bit64",
        "covr",
        "crayon",
        "dplyr (>= 0.8.5)",
        "generics",
        "knitr",
        "pillar (>= 1.4.4)",
        "pkgdown (>= 2.0.1)",
        "rmarkdown",
        "testthat (>= 3.0.0)",
        "tibble (>= 3.1.3)",
        "waldo (>= 0.2.0)",
        "withr",
        "xml2",
        "zeallot"
      ],
      "VignetteBuilder": "knitr",
      "Config/build/compilation-database": "true",
      "Config/Needs/website": "tidyverse/tidytemplate",
      "Config/testthat/edition": "3",
      "Config/testthat/parallel": "true",
      "Encoding": "UTF-8",
      "Language": "en-GB",
      "RoxygenNote": "7.3.3",
      "NeedsCompilation": "yes",
      "Author": "Hadley Wickham [aut], Lionel Henry [aut], Davis Vaughan [aut, cre], data.table team [cph] (Radix sort based on data.table's forder() and their contribution to R's order()), Posit Software, PBC [cph, fnd]",
      "Maintainer": "Davis Vaughan <davis@posit.co>",
      "Repository": "RSPM"
    },
    "xfun": {
      "Package": "xfun",
      "Version": "0.56",
      "Source": "Repository",
      "Type": "Package",
      "Title": "Supporting Functions for Packages Maintained by 'Yihui Xie'",
      "Authors@R": "c( person(\"Yihui\", \"Xie\", role = c(\"aut\", \"cre\", \"cph\"), email = \"xie@yihui.name\", comment = c(ORCID = \"0000-0003-0645-5666\", URL = \"https://yihui.org\")), person(\"Wush\", \"Wu\", role = \"ctb\"), person(\"Daijiang\", \"Li\", role = \"ctb\"), person(\"Xianying\", \"Tan\", role = \"ctb\"), person(\"Salim\", \"Brüggemann\", role = \"ctb\", email = \"salim-b@pm.me\", comment = c(ORCID = \"0000-0002-5329-5987\")), person(\"Christophe\", \"Dervieux\", role = \"ctb\"), person() )",
      "Description": "Miscellaneous functions commonly used in other packages maintained by 'Yihui Xie'.",
      "Depends": [
        "R (>= 3.2.0)"
      ],
      "Imports": [
        "grDevices",
        "stats",
        "tools"
      ],
      "Suggests": [
        "testit",
        "parallel",
        "codetools",
        "methods",
        "rstudioapi",
        "tinytex (>= 0.30)",
        "mime",
        "litedown (>= 0.6)",
        "commonmark",
        "knitr (>= 1.50)",
        "remotes",
        "pak",
        "curl",
        "xml2",
        "jsonlite",
        "magick",
        "yaml",
        "data.table",
        "qs2"
      ],
      "License": "MIT + file LICENSE",
      "URL": "https://github.com/yihui/xfun",
      "BugReports": "https://github.com/yihui/xfun/issues",
      "Encoding": "UTF-8",
      "RoxygenNote": "7.3.3",
      "VignetteBuilder": "litedown",
      "NeedsCompilation": "yes",
      "Author": "Yihui Xie [aut, cre, cph] (ORCID: <https://orcid.org/0000-0003-0645-5666>, URL: https://yihui.org), Wush Wu [ctb], Daijiang Li [ctb], Xianying Tan [ctb], Salim Brüggemann [ctb] (ORCID: <https://orcid.org/0000-0002-5329-5987>), Christophe Dervieux [ctb]",
      "Maintainer": "Yihui Xie <xie@yihui.name>",
      "Repository": "RSPM"
    },
    "yaml": {
      "Package": "yaml",
      "Version": "2.3.12",
      "Source": "Repository",
      "Type": "Package",
      "Title": "Methods to Convert R Data to YAML and Back",
      "Authors@R": "c( person(\"Hadley\", \"Wickham\", , \"hadley@posit.co\", role = \"cre\", comment = c(ORCID = \"0000-0003-4757-117X\")), person(\"Shawn\", \"Garbett\", , \"shawn.garbett@vumc.org\", role = \"ctb\", comment = c(ORCID = \"0000-0003-4079-5621\")), person(\"Jeremy\", \"Stephens\", role = c(\"aut\", \"ctb\")), person(\"Kirill\", \"Simonov\", role = \"aut\"), person(\"Yihui\", \"Xie\", role = \"ctb\", comment = c(ORCID = \"0000-0003-0645-5666\")), person(\"Zhuoer\", \"Dong\", role = \"ctb\"), person(\"Jeffrey\", \"Horner\", role = \"ctb\"), person(\"reikoch\", role = \"ctb\"), person(\"Will\", \"Beasley\", role = \"ctb\", comment = c(ORCID = \"0000-0002-5613-5006\")), person(\"Brendan\", \"O'Connor\", role = \"ctb\"), person(\"Michael\", \"Quinn\", role = \"ctb\"), person(\"Charlie\", \"Gao\", role = \"ctb\"), person(c(\"Gregory\", \"R.\"), \"Warnes\", role = \"ctb\"), person(c(\"Zhian\", \"N.\"), \"Kamvar\", role = \"ctb\") )",
      "Description": "Implements the 'libyaml' 'YAML' 1.1 parser and emitter (<https://pyyaml.org/wiki/LibYAML>) for R.",
      "License": "BSD_3_clause + file LICENSE",
      "URL": "https://yaml.r-lib.org, https://github.com/r-lib/yaml/",
      "BugReports": "https://github.com/r-lib/yaml/issues",
      "Suggests": [
        "knitr",
        "rmarkdown",
        "testthat (>= 3.0.0)"
      ],
      "Config/testthat/edition": "3",
      "Config/Needs/website": "tidyverse/tidytemplate",
      "Encoding": "UTF-8",
      "RoxygenNote": "7.3.3",
      "VignetteBuilder": "knitr",
      "NeedsCompilation": "yes",
      "Author": "Hadley Wickham [cre] (ORCID: <https://orcid.org/0000-0003-4757-117X>), Shawn Garbett [ctb] (ORCID: <https://orcid.org/0000-0003-4079-5621>), Jeremy Stephens [aut, ctb], Kirill Simonov [aut], Yihui Xie [ctb] (ORCID: <https://orcid.org/0000-0003-0645-5666>), Zhuoer Dong [ctb], Jeffrey Horner [ctb], reikoch [ctb], Will Beasley [ctb] (ORCID: <https://orcid.org/0000-0002-5613-5006>), Brendan O'Connor [ctb], Michael Quinn [ctb], Charlie Gao [ctb], Gregory R. Warnes [ctb], Zhian N. Kamvar [ctb]",
      "Maintainer": "Hadley Wickham <hadley@posit.co>",
      "Repository": "RSPM"
    }
  }
}
