# Fully-resolved dependency tree for the mummichog v2 stage.
# Generated by setup-mummichog-venv.sh (pip freeze) with mummichog==2.7.0 on
# CPython 3.11. Recreate the exact environment with:
#   python3 -m venv envs/mummichog
#   envs/mummichog/bin/python -m pip install -r requirements-mummichog.lock
# Re-freeze on your own platform if wheels differ; commit both files.
contourpy==1.3.3
cycler==0.12.1
fonttools==4.63.0
kiwisolver==1.5.0
matplotlib==3.11.0
mummichog==2.7.0
networkx==3.6.1
numpy==2.4.6
packaging==26.2
pillow==12.3.0
pyparsing==3.3.2
python-dateutil==2.9.0.post0
scipy==1.17.1
six==1.17.0
xlsxwriter==3.2.9
